
Microsoft Visual Studio Solution File, Format Version 12.00
# Visual Studio 15
Project("{FAE04EC0-301F-11D3-BF4B-00C04F79EFBC}") = "Assembly-CSharp", "Assembly-CSharp.csproj", "{367FABB1-25E6-E890-B57E-4185FBD50190}"
EndProject
Global
	GlobalSection(SolutionConfigurationPlatforms) = preSolution
		Debug|Any CPU = Debug|Any CPU
		Release|Any CPU = Release|Any CPU
	EndGlobalSection
	GlobalSection(ProjectConfigurationPlatforms) = postSolution
		{367FABB1-25E6-E890-B57E-4185FBD50190}.Debug|Any CPU.ActiveCfg = Debug|Any CPU
		{367FABB1-25E6-E890-B57E-4185FBD50190}.Debug|Any CPU.Build.0 = Debug|Any CPU
		{367FABB1-25E6-E890-B57E-4185FBD50190}.Release|Any CPU.ActiveCfg = Release|Any CPU
		{367FABB1-25E6-E890-B57E-4185FBD50190}.Release|Any CPU.Build.0 = Release|Any CPU
	EndGlobalSection
	GlobalSection(SolutionProperties) = preSolution
		HideSolutionNode = FALSE
	EndGlobalSection
EndGlobal
